
Microsoft Visual Studio Solution File, Format Version 12.00
# Visual Studio Version 17
VisualStudioVersion = 17.14.36301.6
MinimumVisualStudioVersion = 10.0.40219.1
Project("{FAE04EC0-301F-11D3-BF4B-00C04F79EFBC}") = "EmployeeManagement.Web", "EmployeeManagement.Web\EmployeeManagement.Web.csproj", "{9448C0F4-CDE0-4FF2-8C29-7956129161B0}"
EndProject
Project("{FAE04EC0-301F-11D3-BF4B-00C04F79EFBC}") = "EmployeeManagement.Model", "EmployeeManagement.Model\EmployeeManagement.Model.csproj", "{42A5FC30-A9A5-4CDA-87E8-9CCA61B62340}"
EndProject
Project("{FAE04EC0-301F-11D3-BF4B-00C04F79EFBC}") = "EmployeeManagement.API", "EmployeeManagement.API\EmployeeManagement.API.csproj", "{DADC96D5-32C6-4A3A-BD13-62D887198116}"
EndProject
Project("{FAE04EC0-301F-11D3-BF4B-00C04F79EFBC}") = "EmployeeManagement.Service", "EmployeeManagement.Service\EmployeeManagement.Service.csproj", "{75A33EF7-4F35-4802-97E5-1583F5A85D02}"
EndProject
Project("{FAE04EC0-301F-11D3-BF4B-00C04F79EFBC}") = "EmployeeManagement.Repository", "EmployeeManagement.Repository\EmployeeManagement.Repository.csproj", "{9DA13D3B-63B2-4B8C-B368-FE7C8ED25C13}"
EndProject
Global
	GlobalSection(SolutionConfigurationPlatforms) = preSolution
		Debug|Any CPU = Debug|Any CPU
		Release|Any CPU = Release|Any CPU
	EndGlobalSection
	GlobalSection(ProjectConfigurationPlatforms) = postSolution
		{9448C0F4-CDE0-4FF2-8C29-7956129161B0}.Debug|Any CPU.ActiveCfg = Debug|Any CPU
		{9448C0F4-CDE0-4FF2-8C29-7956129161B0}.Debug|Any CPU.Build.0 = Debug|Any CPU
		{9448C0F4-CDE0-4FF2-8C29-7956129161B0}.Release|Any CPU.ActiveCfg = Release|Any CPU
		{9448C0F4-CDE0-4FF2-8C29-7956129161B0}.Release|Any CPU.Build.0 = Release|Any CPU
		{42A5FC30-A9A5-4CDA-87E8-9CCA61B62340}.Debug|Any CPU.ActiveCfg = Debug|Any CPU
		{42A5FC30-A9A5-4CDA-87E8-9CCA61B62340}.Debug|Any CPU.Build.0 = Debug|Any CPU
		{42A5FC30-A9A5-4CDA-87E8-9CCA61B62340}.Release|Any CPU.ActiveCfg = Release|Any CPU
		{42A5FC30-A9A5-4CDA-87E8-9CCA61B62340}.Release|Any CPU.Build.0 = Release|Any CPU
		{DADC96D5-32C6-4A3A-BD13-62D887198116}.Debug|Any CPU.ActiveCfg = Debug|Any CPU
		{DADC96D5-32C6-4A3A-BD13-62D887198116}.Debug|Any CPU.Build.0 = Debug|Any CPU
		{DADC96D5-32C6-4A3A-BD13-62D887198116}.Release|Any CPU.ActiveCfg = Release|Any CPU
		{DADC96D5-32C6-4A3A-BD13-62D887198116}.Release|Any CPU.Build.0 = Release|Any CPU
		{75A33EF7-4F35-4802-97E5-1583F5A85D02}.Debug|Any CPU.ActiveCfg = Debug|Any CPU
		{75A33EF7-4F35-4802-97E5-1583F5A85D02}.Debug|Any CPU.Build.0 = Debug|Any CPU
		{75A33EF7-4F35-4802-97E5-1583F5A85D02}.Release|Any CPU.ActiveCfg = Release|Any CPU
		{75A33EF7-4F35-4802-97E5-1583F5A85D02}.Release|Any CPU.Build.0 = Release|Any CPU
		{9DA13D3B-63B2-4B8C-B368-FE7C8ED25C13}.Debug|Any CPU.ActiveCfg = Debug|Any CPU
		{9DA13D3B-63B2-4B8C-B368-FE7C8ED25C13}.Debug|Any CPU.Build.0 = Debug|Any CPU
		{9DA13D3B-63B2-4B8C-B368-FE7C8ED25C13}.Release|Any CPU.ActiveCfg = Release|Any CPU
		{9DA13D3B-63B2-4B8C-B368-FE7C8ED25C13}.Release|Any CPU.Build.0 = Release|Any CPU
	EndGlobalSection
	GlobalSection(SolutionProperties) = preSolution
		HideSolutionNode = FALSE
	EndGlobalSection
	GlobalSection(ExtensibilityGlobals) = postSolution
		SolutionGuid = {26762056-D4DD-4F60-A4C8-6695AB2F974A}
	EndGlobalSection
EndGlobal
